github.com/bjornpagen/carbon-go v0.0.0-20230824152454-806248bc450f h1:nOBaVKGQXsStu9e0JrHWFMbDV7v5N3wDeFwHRg5e03I=
github.com/bjornpagen/carbon-go v0.0.0-20230824152454-806248bc450f/go.mod h1:g8E7AMLbdPmcp61vds9Xd1boS7zU6PPyWoRWzP0nwVY=
github.com/bjornpagen/carbon-go v0.0.0-20230824154208-eee223b32e9c h1:won2Hz0lndEL5RSKMxnAZMircA64N4necWYDvFG5Doc=
github.com/bjornpagen/carbon-go v0.0.0-20230824154208-eee223b32e9c/go.mod h1:g8E7AMLbdPmcp61vds9Xd1boS7zU6PPyWoRWzP0nwVY=
github.com/bjornpagen/carbon-go v0.0.0-20230824171311-d5ba2c264801 h1:bbTK1lZKvl2hv4v4Za67DJNsQd/WLr1juno0h1WgBug=
github.com/bjornpagen/carbon-go v0.0.0-20230824171311-d5ba2c264801/go.mod h1:g8E7AMLbdPmcp61vds9Xd1boS7zU6PPyWoRWzP0nwVY=
github.com/bjornpagen/carbon-go v0.0.0-20230824172434-38ee364d3f91 h1:ddDzaexqisc7y3pF1Gzuf4n+q9P9ojlmtxDkaZP+Pe0=
github.com/bjornpagen/carbon-go v0.0.0-20230824172434-38ee364d3f91/go.mod h1:g8E7AMLbdPmcp61vds9Xd1boS7zU6PPyWoRWzP0nwVY=
github.com/bjornpagen/carbon-go v0.0.0-20230824174034-0c5c1d6f9dce h1:amLfuWAQcNtI0U4q8jc8fObu2VojRZq0lzmVuh3tUvw=
github.com/bjornpagen/carbon-go v0.0.0-20230824174034-0c5c1d6f9dce/go.mod h1:g8E7AMLbdPmcp61vds9Xd1boS7zU6PPyWoRWzP0nwVY=
github.com/bjornpagen/carbon-go v0.0.0-20230824174143-daf029a99a2c h1:hlYr4JeD5RQDS18cH64UlkenNA2Sh38SKEmVEFB1Oic=
github.com/bjornpagen/carbon-go v0.0.0-20230824174143-daf029a99a2c/go.mod h1:g8E7AMLbdPmcp61vds9Xd1boS7zU6PPyWoRWzP0nwVY=
github.com/bjornpagen/carbon-go v0.0.0-20230824174736-1a3fb0f1be85 h1:IySopMopUg29TRjHIQMLavcKdyLfaHQLC5mfXE+oRTE=
github.com/bjornpagen/carbon-go v0.0.0-20230824174736-1a3fb0f1be85/go.mod h1:g8E7AMLbdPmcp61vds9Xd1boS7zU6PPyWoRWzP0nwVY=
github.com/bjornpagen/carbon-go v0.0.0-20230824175551-1408e0cbc687 h1:gdHNnXe8+a4+fGEGpzAVs25JK0ZzWWw68VhcC7e+/4A=
github.com/bjornpagen/carbon-go v0.0.0-20230824175551-1408e0cbc687/go.mod h1:g8E7AMLbdPmcp61vds9Xd1boS7zU6PPyWoRWzP0nwVY=
github.com/bjornpagen/carbon-go v0.0.0-20230824180327-e0e075fdf27c h1:u4prac8vImTu/Etu40hRfXkvXtd11eslgsQS+TUfwk4=
github.com/bjornpagen/carbon-go v0.0.0-20230824180327-e0e075fdf27c/go.mod h1:g8E7AMLbdPmcp61vds9Xd1boS7zU6PPyWoRWzP0nwVY=
github.com/bjornpagen/carbon-go v0.0.0-20230824181317-454f75c485aa h1:hi1VDerI4jwlVhBv0AwSsda+Q4YRormOMNwIoQvTT/0=
github.com/bjornpagen/carbon-go v0.0.0-20230824181317-454f75c485aa/go.mod h1:g8E7AMLbdPmcp61vds9Xd1boS7zU6PPyWoRWzP0nwVY=
github.com/bjornpagen/carbon-go v0.0.0-20230824182312-1495be332aaa h1:Rzu3Hve8/lC0zFji/KNuJ4+kPZ/PvSzNhKeEUpzl01E=
github.com/bjornpagen/carbon-go v0.0.0-20230824182312-1495be332aaa/go.mod h1:g8E7AMLbdPmcp61vds9Xd1boS7zU6PPyWoRWzP0nwVY=
github.com/bjornpagen/carbon-go v0.0.0-20230824183039-2e935b5ecea9 h1:xZQgxvI3m4mmk2ppo757H7+Jl5FWmAxFMk8VZIaw9cU=
github.com/bjornpagen/carbon-go v0.0.0-20230824183039-2e935b5ecea9/go.mod h1:g8E7AMLbdPmcp61vds9Xd1boS7zU6PPyWoRWzP0nwVY=
github.com/bjornpagen/carbon-go v0.0.0-20230824184741-831950ab0670 h1:wt7e8tvJxZyDOaBNveQB18dg1MY0LxCLdHtqQUdCwkY=
github.com/bjornpagen/carbon-go v0.0.0-20230824184741-831950ab0670/go.mod h1:g8E7AMLbdPmcp61vds9Xd1boS7zU6PPyWoRWzP0nwVY=
github.com/bjornpagen/carbon-go v0.0.0-20230824203005-ae21ac1a0174 h1:uFvy8F9n0rnsL6nsCaeuVyJ7gTt2VVhZn01NIoEozeo=
github.com/bjornpagen/carbon-go v0.0.0-20230824203005-ae21ac1a0174/go.mod h1:g8E7AMLbdPmcp61vds9Xd1boS7zU6PPyWoRWzP0nwVY=
github.com/bjornpagen/carbon-go v0.0.0-20230824204653-9fc2b70e7ff0 h1:PZqjl3+VvQ2NooOoJnAtxD03czHXibhwzeYLJqs5z5U=
github.com/bjornpagen/carbon-go v0.0.0-20230824204653-9fc2b70e7ff0/go.mod h1:g8E7AMLbdPmcp61vds9Xd1boS7zU6PPyWoRWzP0nwVY=
github.com/bjornpagen/carbon-go v0.0.0-20230824205130-3f5c11830bf3 h1:8nY2TtwhRPvWyHxm0PPko0rslxaHh7Ygblt3E3dZAe0=
github.com/bjornpagen/carbon-go v0.0.0-20230824205130-3f5c11830bf3/go.mod h1:g8E7AMLbdPmcp61vds9Xd1boS7zU6PPyWoRWzP0nwVY=
github.com/bjornpagen/carbon-go v0.0.0-20230824212420-a046fe24e159 h1:GMvnSZ0og6BUT6lZvrOGaGSjuA09hJKYrAltk2wOrUY=
github.com/bjornpagen/carbon-go v0.0.0-20230824212420-a046fe24e159/go.mod h1:g8E7AMLbdPmcp61vds9Xd1boS7zU6PPyWoRWzP0nwVY=
github.com/bjornpagen/carbon-go v0.0.0-20230824213055-0b2d65029bde h1:HkDOXCqmPZ5YLQq+sf12PNLcBeNFQb5K3/dHOpkdnk4=
github.com/bjornpagen/carbon-go v0.0.0-20230824213055-0b2d65029bde/go.mod h1:g8E7AMLbdPmcp61vds9Xd1boS7zU6PPyWoRWzP0nwVY=
github.com/efficientgo/core v1.0.0-rc.2 h1:7j62qHLnrZqO3V3UA0AqOGd5d5aXV3AX6m/NZBHp78I=
github.com/efficientgo/core v1.0.0-rc.2/go.mod h1:FfGdkzWarkuzOlY04VY+bGfb1lWrjaL6x/GLcQ4vJps=
github.com/sym01/htmlsanitizer v1.0.1 h1:a+r9gDExjeJsvENRTW/cxyGuloCJF0s1dcwr83MctGY=
github.com/sym01/htmlsanitizer v1.0.1/go.mod h1:zazTkJ727MJTDrNcWDaOLlAgGMcsDNG94LJi6vYl6Ug=
github.com/tdewolff/minify/v2 v2.12.8 h1:Q2BqOTmlMjoutkuD/OPCnJUpIqrzT3nRPkw+q+KpXS0=
github.com/tdewolff/minify/v2 v2.12.8/go.mod h1:YRgk7CC21LZnbuke2fmYnCTq+zhCgpb0yJACOTUNJ1E=
github.com/tdewolff/parse/v2 v2.6.7 h1:WrFllrqmzAcrKHzoYgMupqgUBIfBVOb0yscFzDf8bBg=
github.com/tdewolff/parse/v2 v2.6.7/go.mod h1:XHDhaU6IBgsryfdnpzUXBlT6leW/l25yrFBTEb4eIyM=
github.com/tdewolff/test v1.0.9/go.mod h1:6DAvZliBAAnD7rhVgwaM7DE5/d9NMOAJ09SqYqeK4QE=
github.com/valyala/bytebufferpool v1.0.0 h1:GqA5TC/0021Y/b9FG4Oi9Mr3q7XYx6KllzawFIhcdPw=
github.com/valyala/bytebufferpool v1.0.0/go.mod h1:6bBcMArwyJ5K/AmCkWv1jt77kVWyCJ6HpOuEn7z0Csc=
golang.org/x/exp v0.0.0-20230817173708-d852ddb80c63 h1:m64FZMko/V45gv0bNmrNYoDEq8U5YUhetc9cBWKS1TQ=
golang.org/x/exp v0.0.0-20230817173708-d852ddb80c63/go.mod h1:0v4NqG35kSWCMzLaMeX+IQrlSnVE/bqGSyC2cz/9Le8=
